
Microsoft Visual Studio Solution File, Format Version 12.00
# Visual Studio 14
VisualStudioVersion = 14.0.25420.1
MinimumVisualStudioVersion = 10.0.40219.1
Project("{FAE04EC0-301F-11D3-BF4B-00C04F79EFBC}") = "SoloLearn", "SoloLearn\SoloLearn.csproj", "{9F22A8B9-F9AD-409F-A0F4-9BD9C3715C68}"
EndProject
Project("{FAE04EC0-301F-11D3-BF4B-00C04F79EFBC}") = "SoloLearn_Arrays_Strings", "SoloLearn_Arrays_Strings\SoloLearn_Arrays_Strings.csproj", "{1B9163B9-F20D-4911-8431-405F97D5A0E7}"
EndProject
Project("{FAE04EC0-301F-11D3-BF4B-00C04F79EFBC}") = "MainEntry", "MainEntry\MainEntry.csproj", "{F2EEBB35-D063-43BB-8694-6384677C152D}"
EndProject
Project("{FAE04EC0-301F-11D3-BF4B-00C04F79EFBC}") = "StringMagic", "StringMagic\StringMagic.csproj", "{8342357B-4D69-4365-96DE-7DBFFDDD4D31}"
EndProject
Project("{FAE04EC0-301F-11D3-BF4B-00C04F79EFBC}") = "Class2", "Class2\Class2.csproj", "{54E1E2ED-ED8F-4226-986C-A74B66EE8EF9}"
EndProject
Project("{FAE04EC0-301F-11D3-BF4B-00C04F79EFBC}") = "Struct_Enums", "Struct_Enums\Struct_Enums.csproj", "{9D90CEC9-AF5A-48FB-99BD-79CC04BF7704}"
EndProject
Project("{FAE04EC0-301F-11D3-BF4B-00C04F79EFBC}") = "Exceptions", "Exceptions\Exceptions.csproj", "{911121F6-BD0A-469A-BF0E-1AF428AC76C1}"
EndProject
Project("{FAE04EC0-301F-11D3-BF4B-00C04F79EFBC}") = "Files", "Files\Files.csproj", "{CD5BB728-2C61-4B6B-A632-797E0EB99189}"
EndProject
Global
	GlobalSection(SolutionConfigurationPlatforms) = preSolution
		Debug|Any CPU = Debug|Any CPU
		Release|Any CPU = Release|Any CPU
	EndGlobalSection
	GlobalSection(ProjectConfigurationPlatforms) = postSolution
		{9F22A8B9-F9AD-409F-A0F4-9BD9C3715C68}.Debug|Any CPU.ActiveCfg = Debug|Any CPU
		{9F22A8B9-F9AD-409F-A0F4-9BD9C3715C68}.Debug|Any CPU.Build.0 = Debug|Any CPU
		{9F22A8B9-F9AD-409F-A0F4-9BD9C3715C68}.Release|Any CPU.ActiveCfg = Release|Any CPU
		{9F22A8B9-F9AD-409F-A0F4-9BD9C3715C68}.Release|Any CPU.Build.0 = Release|Any CPU
		{1B9163B9-F20D-4911-8431-405F97D5A0E7}.Debug|Any CPU.ActiveCfg = Debug|Any CPU
		{1B9163B9-F20D-4911-8431-405F97D5A0E7}.Debug|Any CPU.Build.0 = Debug|Any CPU
		{1B9163B9-F20D-4911-8431-405F97D5A0E7}.Release|Any CPU.ActiveCfg = Release|Any CPU
		{1B9163B9-F20D-4911-8431-405F97D5A0E7}.Release|Any CPU.Build.0 = Release|Any CPU
		{F2EEBB35-D063-43BB-8694-6384677C152D}.Debug|Any CPU.ActiveCfg = Debug|Any CPU
		{F2EEBB35-D063-43BB-8694-6384677C152D}.Debug|Any CPU.Build.0 = Debug|Any CPU
		{F2EEBB35-D063-43BB-8694-6384677C152D}.Release|Any CPU.ActiveCfg = Release|Any CPU
		{F2EEBB35-D063-43BB-8694-6384677C152D}.Release|Any CPU.Build.0 = Release|Any CPU
		{8342357B-4D69-4365-96DE-7DBFFDDD4D31}.Debug|Any CPU.ActiveCfg = Debug|Any CPU
		{8342357B-4D69-4365-96DE-7DBFFDDD4D31}.Debug|Any CPU.Build.0 = Debug|Any CPU
		{8342357B-4D69-4365-96DE-7DBFFDDD4D31}.Release|Any CPU.ActiveCfg = Release|Any CPU
		{8342357B-4D69-4365-96DE-7DBFFDDD4D31}.Release|Any CPU.Build.0 = Release|Any CPU
		{54E1E2ED-ED8F-4226-986C-A74B66EE8EF9}.Debug|Any CPU.ActiveCfg = Debug|Any CPU
		{54E1E2ED-ED8F-4226-986C-A74B66EE8EF9}.Debug|Any CPU.Build.0 = Debug|Any CPU
		{54E1E2ED-ED8F-4226-986C-A74B66EE8EF9}.Release|Any CPU.ActiveCfg = Release|Any CPU
		{54E1E2ED-ED8F-4226-986C-A74B66EE8EF9}.Release|Any CPU.Build.0 = Release|Any CPU
		{9D90CEC9-AF5A-48FB-99BD-79CC04BF7704}.Debug|Any CPU.ActiveCfg = Debug|Any CPU
		{9D90CEC9-AF5A-48FB-99BD-79CC04BF7704}.Debug|Any CPU.Build.0 = Debug|Any CPU
		{9D90CEC9-AF5A-48FB-99BD-79CC04BF7704}.Release|Any CPU.ActiveCfg = Release|Any CPU
		{9D90CEC9-AF5A-48FB-99BD-79CC04BF7704}.Release|Any CPU.Build.0 = Release|Any CPU
		{911121F6-BD0A-469A-BF0E-1AF428AC76C1}.Debug|Any CPU.ActiveCfg = Debug|Any CPU
		{911121F6-BD0A-469A-BF0E-1AF428AC76C1}.Debug|Any CPU.Build.0 = Debug|Any CPU
		{911121F6-BD0A-469A-BF0E-1AF428AC76C1}.Release|Any CPU.ActiveCfg = Release|Any CPU
		{911121F6-BD0A-469A-BF0E-1AF428AC76C1}.Release|Any CPU.Build.0 = Release|Any CPU
		{CD5BB728-2C61-4B6B-A632-797E0EB99189}.Debug|Any CPU.ActiveCfg = Debug|Any CPU
		{CD5BB728-2C61-4B6B-A632-797E0EB99189}.Debug|Any CPU.Build.0 = Debug|Any CPU
		{CD5BB728-2C61-4B6B-A632-797E0EB99189}.Release|Any CPU.ActiveCfg = Release|Any CPU
		{CD5BB728-2C61-4B6B-A632-797E0EB99189}.Release|Any CPU.Build.0 = Release|Any CPU
	EndGlobalSection
	GlobalSection(SolutionProperties) = preSolution
		HideSolutionNode = FALSE
	EndGlobalSection
EndGlobal
